<?xml version="1.0" encoding="UTF-8"?>
<CodeBlocks_project_file>
	<FileVersion major="1" minor="6"/>
	<Project>
		<Option title="Game"/>
		<Option makefile_is_custom="1"/>
		<Option compiler="gcc"/>
		<Option virtualFolders="CMake Files\;"/>
		<Build>
			<Target title="all">
				<Option working_dir="/home/viktor/CLionProjects/tdp005/Game"/>
				<Option type="4"/>
				<MakeCommands>
					<Build command="/usr/bin/make -f &quot;/home/viktor/CLionProjects/tdp005/Game/Makefile&quot;  VERBOSE=1 all"/>
					<CompileFile command="/usr/bin/make -f &quot;/home/viktor/CLionProjects/tdp005/Game/Makefile&quot;  VERBOSE=1 &quot;$file&quot;"/>
					<Clean command="/usr/bin/make -f &quot;/home/viktor/CLionProjects/tdp005/Game/Makefile&quot;  VERBOSE=1 clean"/>
					<DistClean command="/usr/bin/make -f &quot;/home/viktor/CLionProjects/tdp005/Game/Makefile&quot;  VERBOSE=1 clean"/>
				</MakeCommands>
			</Target>
			<Target title="rebuild_cache">
				<Option working_dir="/home/viktor/CLionProjects/tdp005/Game"/>
				<Option type="4"/>
				<MakeCommands>
					<Build command="/usr/bin/make -f &quot;/home/viktor/CLionProjects/tdp005/Game/Makefile&quot;  VERBOSE=1 rebuild_cache"/>
					<CompileFile command="/usr/bin/make -f &quot;/home/viktor/CLionProjects/tdp005/Game/Makefile&quot;  VERBOSE=1 &quot;$file&quot;"/>
					<Clean command="/usr/bin/make -f &quot;/home/viktor/CLionProjects/tdp005/Game/Makefile&quot;  VERBOSE=1 clean"/>
					<DistClean command="/usr/bin/make -f &quot;/home/viktor/CLionProjects/tdp005/Game/Makefile&quot;  VERBOSE=1 clean"/>
				</MakeCommands>
			</Target>
			<Target title="edit_cache">
				<Option working_dir="/home/viktor/CLionProjects/tdp005/Game"/>
				<Option type="4"/>
				<MakeCommands>
					<Build command="/usr/bin/make -f &quot;/home/viktor/CLionProjects/tdp005/Game/Makefile&quot;  VERBOSE=1 edit_cache"/>
					<CompileFile command="/usr/bin/make -f &quot;/home/viktor/CLionProjects/tdp005/Game/Makefile&quot;  VERBOSE=1 &quot;$file&quot;"/>
					<Clean command="/usr/bin/make -f &quot;/home/viktor/CLionProjects/tdp005/Game/Makefile&quot;  VERBOSE=1 clean"/>
					<DistClean command="/usr/bin/make -f &quot;/home/viktor/CLionProjects/tdp005/Game/Makefile&quot;  VERBOSE=1 clean"/>
				</MakeCommands>
			</Target>
			<Target title="Game">
				<Option output="/home/viktor/CLionProjects/tdp005/Game/Game" prefix_auto="0" extension_auto="0"/>
				<Option working_dir="/home/viktor/CLionProjects/tdp005/Game"/>
				<Option object_output="./"/>
				<Option type="1"/>
				<Option compiler="gcc"/>
				<Compiler/>
				<MakeCommands>
					<Build command="/usr/bin/make -f &quot;/home/viktor/CLionProjects/tdp005/Game/Makefile&quot;  VERBOSE=1 Game"/>
					<CompileFile command="/usr/bin/make -f &quot;/home/viktor/CLionProjects/tdp005/Game/Makefile&quot;  VERBOSE=1 &quot;$file&quot;"/>
					<Clean command="/usr/bin/make -f &quot;/home/viktor/CLionProjects/tdp005/Game/Makefile&quot;  VERBOSE=1 clean"/>
					<DistClean command="/usr/bin/make -f &quot;/home/viktor/CLionProjects/tdp005/Game/Makefile&quot;  VERBOSE=1 clean"/>
				</MakeCommands>
			</Target>
			<Target title="Game/fast">
				<Option output="/home/viktor/CLionProjects/tdp005/Game/Game" prefix_auto="0" extension_auto="0"/>
				<Option working_dir="/home/viktor/CLionProjects/tdp005/Game"/>
				<Option object_output="./"/>
				<Option type="1"/>
				<Option compiler="gcc"/>
				<Compiler/>
				<MakeCommands>
					<Build command="/usr/bin/make -f &quot;/home/viktor/CLionProjects/tdp005/Game/Makefile&quot;  VERBOSE=1 Game/fast"/>
					<CompileFile command="/usr/bin/make -f &quot;/home/viktor/CLionProjects/tdp005/Game/Makefile&quot;  VERBOSE=1 &quot;$file&quot;"/>
					<Clean command="/usr/bin/make -f &quot;/home/viktor/CLionProjects/tdp005/Game/Makefile&quot;  VERBOSE=1 clean"/>
					<DistClean command="/usr/bin/make -f &quot;/home/viktor/CLionProjects/tdp005/Game/Makefile&quot;  VERBOSE=1 clean"/>
				</MakeCommands>
			</Target>
		</Build>
		<Unit filename="/home/viktor/CLionProjects/tdp005/Game/animated_object.cpp">
			<Option target="Game"/>
		</Unit>
		<Unit filename="/home/viktor/CLionProjects/tdp005/Game/animated_object.h">
			<Option target="Game"/>
		</Unit>
		<Unit filename="/home/viktor/CLionProjects/tdp005/Game/attack_behavior.cpp">
			<Option target="Game"/>
		</Unit>
		<Unit filename="/home/viktor/CLionProjects/tdp005/Game/attack_behavior.h">
			<Option target="Game"/>
		</Unit>
		<Unit filename="/home/viktor/CLionProjects/tdp005/Game/behavior.cpp">
			<Option target="Game"/>
		</Unit>
		<Unit filename="/home/viktor/CLionProjects/tdp005/Game/behavior.h">
			<Option target="Game"/>
		</Unit>
		<Unit filename="/home/viktor/CLionProjects/tdp005/Game/common.h">
			<Option target="Game"/>
		</Unit>
		<Unit filename="/home/viktor/CLionProjects/tdp005/Game/enemy.cpp">
			<Option target="Game"/>
		</Unit>
		<Unit filename="/home/viktor/CLionProjects/tdp005/Game/enemy.h">
			<Option target="Game"/>
		</Unit>
		<Unit filename="/home/viktor/CLionProjects/tdp005/Game/game_object.h">
			<Option target="Game"/>
		</Unit>
		<Unit filename="/home/viktor/CLionProjects/tdp005/Game/game_state.cpp">
			<Option target="Game"/>
		</Unit>
		<Unit filename="/home/viktor/CLionProjects/tdp005/Game/game_state.h">
			<Option target="Game"/>
		</Unit>
		<Unit filename="/home/viktor/CLionProjects/tdp005/Game/lava.cpp">
			<Option target="Game"/>
		</Unit>
		<Unit filename="/home/viktor/CLionProjects/tdp005/Game/lava.h">
			<Option target="Game"/>
		</Unit>
		<Unit filename="/home/viktor/CLionProjects/tdp005/Game/level.cpp">
			<Option target="Game"/>
		</Unit>
		<Unit filename="/home/viktor/CLionProjects/tdp005/Game/level.h">
			<Option target="Game"/>
		</Unit>
		<Unit filename="/home/viktor/CLionProjects/tdp005/Game/level_loader.cpp">
			<Option target="Game"/>
		</Unit>
		<Unit filename="/home/viktor/CLionProjects/tdp005/Game/level_loader.h">
			<Option target="Game"/>
		</Unit>
		<Unit filename="/home/viktor/CLionProjects/tdp005/Game/main.cpp">
			<Option target="Game"/>
		</Unit>
		<Unit filename="/home/viktor/CLionProjects/tdp005/Game/menu_state.cpp">
			<Option target="Game"/>
		</Unit>
		<Unit filename="/home/viktor/CLionProjects/tdp005/Game/menu_state.h">
			<Option target="Game"/>
		</Unit>
		<Unit filename="/home/viktor/CLionProjects/tdp005/Game/movement_behavior.cpp">
			<Option target="Game"/>
		</Unit>
		<Unit filename="/home/viktor/CLionProjects/tdp005/Game/movement_behavior.h">
			<Option target="Game"/>
		</Unit>
		<Unit filename="/home/viktor/CLionProjects/tdp005/Game/moving_object.cpp">
			<Option target="Game"/>
		</Unit>
		<Unit filename="/home/viktor/CLionProjects/tdp005/Game/moving_object.h">
			<Option target="Game"/>
		</Unit>
		<Unit filename="/home/viktor/CLionProjects/tdp005/Game/player.cpp">
			<Option target="Game"/>
		</Unit>
		<Unit filename="/home/viktor/CLionProjects/tdp005/Game/player.h">
			<Option target="Game"/>
		</Unit>
		<Unit filename="/home/viktor/CLionProjects/tdp005/Game/projectile.cpp">
			<Option target="Game"/>
		</Unit>
		<Unit filename="/home/viktor/CLionProjects/tdp005/Game/projectile.h">
			<Option target="Game"/>
		</Unit>
		<Unit filename="/home/viktor/CLionProjects/tdp005/Game/state.cpp">
			<Option target="Game"/>
		</Unit>
		<Unit filename="/home/viktor/CLionProjects/tdp005/Game/state.h">
			<Option target="Game"/>
		</Unit>
		<Unit filename="/home/viktor/CLionProjects/tdp005/Game/textured_object.cpp">
			<Option target="Game"/>
		</Unit>
		<Unit filename="/home/viktor/CLionProjects/tdp005/Game/textured_object.h">
			<Option target="Game"/>
		</Unit>
		<Unit filename="/home/viktor/CLionProjects/tdp005/Game/CMakeLists.txt">
			<Option virtualFolder="CMake Files\"/>
		</Unit>
	</Project>
</CodeBlocks_project_file>
